
Microsoft Visual Studio Solution File, Format Version 12.00
# Visual Studio Version 16
VisualStudioVersion = 16.0.31729.503
MinimumVisualStudioVersion = 10.0.40219.1
Project("{FAE04EC0-301F-11D3-BF4B-00C04F79EFBC}") = "Garage", "Garage\Garage.csproj", "{43AF3ECC-306B-434C-825B-F3CD0016F4DE}"
EndProject
Project("{FAE04EC0-301F-11D3-BF4B-00C04F79EFBC}") = "Business", "Business\Business.csproj", "{016005E0-07DC-4BAE-94E7-6F484DE72085}"
EndProject
Project("{FAE04EC0-301F-11D3-BF4B-00C04F79EFBC}") = "Business.Interop", "Business.Interop\Business.Interop.csproj", "{A7EC7FFE-4236-43E6-B0D6-209C3B16E418}"
EndProject
Project("{FAE04EC0-301F-11D3-BF4B-00C04F79EFBC}") = "Business.Services", "Business.Services\Business.Services.csproj", "{6DF3253E-130B-44CF-A4EA-578C16A49991}"
EndProject
Project("{FAE04EC0-301F-11D3-BF4B-00C04F79EFBC}") = "Repository", "Repository\Repository.csproj", "{9EBDC33F-30FC-4F46-B46A-E66BE71F4050}"
EndProject
Global
	GlobalSection(SolutionConfigurationPlatforms) = preSolution
		Debug|Any CPU = Debug|Any CPU
		Release|Any CPU = Release|Any CPU
	EndGlobalSection
	GlobalSection(ProjectConfigurationPlatforms) = postSolution
		{43AF3ECC-306B-434C-825B-F3CD0016F4DE}.Debug|Any CPU.ActiveCfg = Debug|Any CPU
		{43AF3ECC-306B-434C-825B-F3CD0016F4DE}.Debug|Any CPU.Build.0 = Debug|Any CPU
		{43AF3ECC-306B-434C-825B-F3CD0016F4DE}.Release|Any CPU.ActiveCfg = Release|Any CPU
		{43AF3ECC-306B-434C-825B-F3CD0016F4DE}.Release|Any CPU.Build.0 = Release|Any CPU
		{016005E0-07DC-4BAE-94E7-6F484DE72085}.Debug|Any CPU.ActiveCfg = Debug|Any CPU
		{016005E0-07DC-4BAE-94E7-6F484DE72085}.Debug|Any CPU.Build.0 = Debug|Any CPU
		{016005E0-07DC-4BAE-94E7-6F484DE72085}.Release|Any CPU.ActiveCfg = Release|Any CPU
		{016005E0-07DC-4BAE-94E7-6F484DE72085}.Release|Any CPU.Build.0 = Release|Any CPU
		{A7EC7FFE-4236-43E6-B0D6-209C3B16E418}.Debug|Any CPU.ActiveCfg = Debug|Any CPU
		{A7EC7FFE-4236-43E6-B0D6-209C3B16E418}.Debug|Any CPU.Build.0 = Debug|Any CPU
		{A7EC7FFE-4236-43E6-B0D6-209C3B16E418}.Release|Any CPU.ActiveCfg = Release|Any CPU
		{A7EC7FFE-4236-43E6-B0D6-209C3B16E418}.Release|Any CPU.Build.0 = Release|Any CPU
		{6DF3253E-130B-44CF-A4EA-578C16A49991}.Debug|Any CPU.ActiveCfg = Debug|Any CPU
		{6DF3253E-130B-44CF-A4EA-578C16A49991}.Debug|Any CPU.Build.0 = Debug|Any CPU
		{6DF3253E-130B-44CF-A4EA-578C16A49991}.Release|Any CPU.ActiveCfg = Release|Any CPU
		{6DF3253E-130B-44CF-A4EA-578C16A49991}.Release|Any CPU.Build.0 = Release|Any CPU
		{9EBDC33F-30FC-4F46-B46A-E66BE71F4050}.Debug|Any CPU.ActiveCfg = Debug|Any CPU
		{9EBDC33F-30FC-4F46-B46A-E66BE71F4050}.Debug|Any CPU.Build.0 = Debug|Any CPU
		{9EBDC33F-30FC-4F46-B46A-E66BE71F4050}.Release|Any CPU.ActiveCfg = Release|Any CPU
		{9EBDC33F-30FC-4F46-B46A-E66BE71F4050}.Release|Any CPU.Build.0 = Release|Any CPU
	EndGlobalSection
	GlobalSection(SolutionProperties) = preSolution
		HideSolutionNode = FALSE
	EndGlobalSection
	GlobalSection(ExtensibilityGlobals) = postSolution
		SolutionGuid = {862B3D77-CDF1-4F15-8D2B-8B3A9D001769}
	EndGlobalSection
EndGlobal
